
Microsoft Visual Studio Solution File, Format Version 12.00
# Visual Studio 15
VisualStudioVersion = 15.0.27703.2018
MinimumVisualStudioVersion = 10.0.40219.1
Project("{9A19103F-16F7-4668-BE54-9A1E7A4F7556}") = "ModelsConverter", "ModelsConverter\ModelsConverter.csproj", "{4E011A43-8BAE-4D05-BAEB-1D855B48A99E}"
EndProject
Project("{FAE04EC0-301F-11D3-BF4B-00C04F79EFBC}") = "ModelsConverterTests", "ModelsConverterTests\ModelsConverterTests.csproj", "{C003F64D-2AE5-4C9F-BA99-9EF3DB9EDF1A}"
EndProject
Global
	GlobalSection(SolutionConfigurationPlatforms) = preSolution
		Debug|Any CPU = Debug|Any CPU
		Release|Any CPU = Release|Any CPU
	EndGlobalSection
	GlobalSection(ProjectConfigurationPlatforms) = postSolution
		{4E011A43-8BAE-4D05-BAEB-1D855B48A99E}.Debug|Any CPU.ActiveCfg = Debug|Any CPU
		{4E011A43-8BAE-4D05-BAEB-1D855B48A99E}.Debug|Any CPU.Build.0 = Debug|Any CPU
		{4E011A43-8BAE-4D05-BAEB-1D855B48A99E}.Release|Any CPU.ActiveCfg = Release|Any CPU
		{4E011A43-8BAE-4D05-BAEB-1D855B48A99E}.Release|Any CPU.Build.0 = Release|Any CPU
		{C003F64D-2AE5-4C9F-BA99-9EF3DB9EDF1A}.Debug|Any CPU.ActiveCfg = Debug|Any CPU
		{C003F64D-2AE5-4C9F-BA99-9EF3DB9EDF1A}.Debug|Any CPU.Build.0 = Debug|Any CPU
		{C003F64D-2AE5-4C9F-BA99-9EF3DB9EDF1A}.Release|Any CPU.ActiveCfg = Release|Any CPU
		{C003F64D-2AE5-4C9F-BA99-9EF3DB9EDF1A}.Release|Any CPU.Build.0 = Release|Any CPU
	EndGlobalSection
	GlobalSection(SolutionProperties) = preSolution
		HideSolutionNode = FALSE
	EndGlobalSection
	GlobalSection(ExtensibilityGlobals) = postSolution
		SolutionGuid = {59AFEAF2-2D7E-4F97-B876-ACE8E9B7762B}
	EndGlobalSection
EndGlobal
